
Microsoft Visual Studio Solution File, Format Version 12.00
# Visual Studio Version 17
VisualStudioVersion = 17.0.32014.148
MinimumVisualStudioVersion = 10.0.40219.1
Project("{FAE04EC0-301F-11D3-BF4B-00C04F79EFBC}") = "BakeryApplication", "BakeryApplication.csproj", "{3CC5349A-6B02-4168-AAF1-92C83E7A4415}"
EndProject
Project("{FAE04EC0-301F-11D3-BF4B-00C04F79EFBC}") = "ReflectionTest", "Projects\ReflectionTest\ReflectionTest.csproj", "{CEDBFF66-EC03-4A8D-9178-CAC54C5A5AEB}"
EndProject
Project("{FAE04EC0-301F-11D3-BF4B-00C04F79EFBC}") = "testcode2", "Projects\testcode2\testcode2.csproj", "{A33C69E4-A73C-4A3F-AF82-C76C5B86D10D}"
EndProject
Project("{FAE04EC0-301F-11D3-BF4B-00C04F79EFBC}") = "Dynamic invoking of functions", "Projects\Dynamic invoking of functions\Dynamic invoking of functions.csproj", "{8AA3AD6B-E14B-472F-BE82-37C84C19C261}"
EndProject
Project("{FAE04EC0-301F-11D3-BF4B-00C04F79EFBC}") = "Testcode", "Projects\Testcode\Testcode.csproj", "{8FB191F7-F32E-411B-8C07-568A682A776E}"
EndProject
Project("{FAE04EC0-301F-11D3-BF4B-00C04F79EFBC}") = "ConsoleLibrary", "..\..\ClassLibraries\ConsoleLibrary\ConsoleLibrary.csproj", "{89A33D64-75FE-4BA2-AFBF-E6847388ECBD}"
EndProject
Global
	GlobalSection(SolutionConfigurationPlatforms) = preSolution
		Debug|Any CPU = Debug|Any CPU
		Release|Any CPU = Release|Any CPU
	EndGlobalSection
	GlobalSection(ProjectConfigurationPlatforms) = postSolution
		{3CC5349A-6B02-4168-AAF1-92C83E7A4415}.Debug|Any CPU.ActiveCfg = Debug|Any CPU
		{3CC5349A-6B02-4168-AAF1-92C83E7A4415}.Debug|Any CPU.Build.0 = Debug|Any CPU
		{3CC5349A-6B02-4168-AAF1-92C83E7A4415}.Release|Any CPU.ActiveCfg = Release|Any CPU
		{3CC5349A-6B02-4168-AAF1-92C83E7A4415}.Release|Any CPU.Build.0 = Release|Any CPU
		{CEDBFF66-EC03-4A8D-9178-CAC54C5A5AEB}.Debug|Any CPU.ActiveCfg = Debug|Any CPU
		{CEDBFF66-EC03-4A8D-9178-CAC54C5A5AEB}.Release|Any CPU.ActiveCfg = Release|Any CPU
		{A33C69E4-A73C-4A3F-AF82-C76C5B86D10D}.Debug|Any CPU.ActiveCfg = Debug|Any CPU
		{A33C69E4-A73C-4A3F-AF82-C76C5B86D10D}.Debug|Any CPU.Build.0 = Debug|Any CPU
		{A33C69E4-A73C-4A3F-AF82-C76C5B86D10D}.Release|Any CPU.ActiveCfg = Release|Any CPU
		{A33C69E4-A73C-4A3F-AF82-C76C5B86D10D}.Release|Any CPU.Build.0 = Release|Any CPU
		{8AA3AD6B-E14B-472F-BE82-37C84C19C261}.Debug|Any CPU.ActiveCfg = Debug|Any CPU
		{8AA3AD6B-E14B-472F-BE82-37C84C19C261}.Debug|Any CPU.Build.0 = Debug|Any CPU
		{8AA3AD6B-E14B-472F-BE82-37C84C19C261}.Release|Any CPU.ActiveCfg = Release|Any CPU
		{8AA3AD6B-E14B-472F-BE82-37C84C19C261}.Release|Any CPU.Build.0 = Release|Any CPU
		{8FB191F7-F32E-411B-8C07-568A682A776E}.Debug|Any CPU.ActiveCfg = Debug|Any CPU
		{8FB191F7-F32E-411B-8C07-568A682A776E}.Debug|Any CPU.Build.0 = Debug|Any CPU
		{8FB191F7-F32E-411B-8C07-568A682A776E}.Release|Any CPU.ActiveCfg = Release|Any CPU
		{8FB191F7-F32E-411B-8C07-568A682A776E}.Release|Any CPU.Build.0 = Release|Any CPU
		{89A33D64-75FE-4BA2-AFBF-E6847388ECBD}.Debug|Any CPU.ActiveCfg = Debug|Any CPU
		{89A33D64-75FE-4BA2-AFBF-E6847388ECBD}.Debug|Any CPU.Build.0 = Debug|Any CPU
		{89A33D64-75FE-4BA2-AFBF-E6847388ECBD}.Release|Any CPU.ActiveCfg = Release|Any CPU
		{89A33D64-75FE-4BA2-AFBF-E6847388ECBD}.Release|Any CPU.Build.0 = Release|Any CPU
	EndGlobalSection
	GlobalSection(SolutionProperties) = preSolution
		HideSolutionNode = FALSE
	EndGlobalSection
	GlobalSection(ExtensibilityGlobals) = postSolution
		SolutionGuid = {277B4D58-604A-4636-855D-6BFEEEAE23D7}
	EndGlobalSection
EndGlobal
