
Microsoft Visual Studio Solution File, Format Version 12.00
# Visual Studio Version 16
VisualStudioVersion = 16.0.31702.278
MinimumVisualStudioVersion = 10.0.40219.1
Project("{FAE04EC0-301F-11D3-BF4B-00C04F79EFBC}") = "Bakery Application", "Bakery Application.csproj", "{3CC5349A-6B02-4168-AAF1-92C83E7A4415}"
EndProject
Project("{FAE04EC0-301F-11D3-BF4B-00C04F79EFBC}") = "ReflectionTest", "Projects\ReflectionTest\ReflectionTest.csproj", "{CEDBFF66-EC03-4A8D-9178-CAC54C5A5AEB}"
EndProject
Project("{FAE04EC0-301F-11D3-BF4B-00C04F79EFBC}") = "Les Vier", "Projects\Les Vier\Les Vier.csproj", "{6A8A932E-FA7E-493D-A329-9D89F1DF9A3C}"
EndProject
Project("{FAE04EC0-301F-11D3-BF4B-00C04F79EFBC}") = "LesDrie", "Projects\LesDrie\LesDrie.csproj", "{B9CCA0D9-CF5D-4591-8758-D91AB7610311}"
EndProject
Project("{2150E333-8FDC-42A3-9474-1A3956D46DE8}") = "Solution Items", "Solution Items", "{71807E6D-1164-4B3C-9D59-61237AE408E9}"
EndProject
Project("{FAE04EC0-301F-11D3-BF4B-00C04F79EFBC}") = "Testcode", "Projects\Test\Testcode\Testcode.csproj", "{8FB191F7-F32E-411B-8C07-568A682A776E}"
EndProject
Project("{FAE04EC0-301F-11D3-BF4B-00C04F79EFBC}") = "ReferenceTypesWeekVier", "Projects\LesVierReferenceTypes\ReferenceTypesWeekVier\ReferenceTypesWeekVier.csproj", "{A93F871B-48E8-49DB-A986-DB644B642A79}"
EndProject
Global
	GlobalSection(SolutionConfigurationPlatforms) = preSolution
		Debug|Any CPU = Debug|Any CPU
		Release|Any CPU = Release|Any CPU
	EndGlobalSection
	GlobalSection(ProjectConfigurationPlatforms) = postSolution
		{3CC5349A-6B02-4168-AAF1-92C83E7A4415}.Debug|Any CPU.ActiveCfg = Debug|Any CPU
		{3CC5349A-6B02-4168-AAF1-92C83E7A4415}.Debug|Any CPU.Build.0 = Debug|Any CPU
		{3CC5349A-6B02-4168-AAF1-92C83E7A4415}.Release|Any CPU.ActiveCfg = Release|Any CPU
		{3CC5349A-6B02-4168-AAF1-92C83E7A4415}.Release|Any CPU.Build.0 = Release|Any CPU
		{CEDBFF66-EC03-4A8D-9178-CAC54C5A5AEB}.Debug|Any CPU.ActiveCfg = Debug|Any CPU
		{CEDBFF66-EC03-4A8D-9178-CAC54C5A5AEB}.Debug|Any CPU.Build.0 = Debug|Any CPU
		{CEDBFF66-EC03-4A8D-9178-CAC54C5A5AEB}.Release|Any CPU.ActiveCfg = Release|Any CPU
		{CEDBFF66-EC03-4A8D-9178-CAC54C5A5AEB}.Release|Any CPU.Build.0 = Release|Any CPU
		{6A8A932E-FA7E-493D-A329-9D89F1DF9A3C}.Debug|Any CPU.ActiveCfg = Debug|Any CPU
		{6A8A932E-FA7E-493D-A329-9D89F1DF9A3C}.Debug|Any CPU.Build.0 = Debug|Any CPU
		{6A8A932E-FA7E-493D-A329-9D89F1DF9A3C}.Release|Any CPU.ActiveCfg = Release|Any CPU
		{6A8A932E-FA7E-493D-A329-9D89F1DF9A3C}.Release|Any CPU.Build.0 = Release|Any CPU
		{B9CCA0D9-CF5D-4591-8758-D91AB7610311}.Debug|Any CPU.ActiveCfg = Debug|Any CPU
		{B9CCA0D9-CF5D-4591-8758-D91AB7610311}.Debug|Any CPU.Build.0 = Debug|Any CPU
		{B9CCA0D9-CF5D-4591-8758-D91AB7610311}.Release|Any CPU.ActiveCfg = Release|Any CPU
		{B9CCA0D9-CF5D-4591-8758-D91AB7610311}.Release|Any CPU.Build.0 = Release|Any CPU
		{8FB191F7-F32E-411B-8C07-568A682A776E}.Debug|Any CPU.ActiveCfg = Debug|Any CPU
		{8FB191F7-F32E-411B-8C07-568A682A776E}.Debug|Any CPU.Build.0 = Debug|Any CPU
		{8FB191F7-F32E-411B-8C07-568A682A776E}.Release|Any CPU.ActiveCfg = Release|Any CPU
		{8FB191F7-F32E-411B-8C07-568A682A776E}.Release|Any CPU.Build.0 = Release|Any CPU
		{A93F871B-48E8-49DB-A986-DB644B642A79}.Debug|Any CPU.ActiveCfg = Debug|Any CPU
		{A93F871B-48E8-49DB-A986-DB644B642A79}.Debug|Any CPU.Build.0 = Debug|Any CPU
		{A93F871B-48E8-49DB-A986-DB644B642A79}.Release|Any CPU.ActiveCfg = Release|Any CPU
		{A93F871B-48E8-49DB-A986-DB644B642A79}.Release|Any CPU.Build.0 = Release|Any CPU
	EndGlobalSection
	GlobalSection(SolutionProperties) = preSolution
		HideSolutionNode = FALSE
	EndGlobalSection
	GlobalSection(ExtensibilityGlobals) = postSolution
		SolutionGuid = {277B4D58-604A-4636-855D-6BFEEEAE23D7}
	EndGlobalSection
EndGlobal
